
Microsoft Visual Studio Solution File, Format Version 12.00
# Visual Studio Version 17
VisualStudioVersion = 17.11.35312.102
MinimumVisualStudioVersion = 10.0.40219.1
Project("{FAE04EC0-301F-11D3-BF4B-00C04F79EFBC}") = "esercizio_stackqueue", "esercizio_stackqueue.csproj", "{04928E8F-78D1-4C30-BAC3-38700A363288}"
EndProject
Global
	GlobalSection(SolutionConfigurationPlatforms) = preSolution
		Debug|Any CPU = Debug|Any CPU
		Release|Any CPU = Release|Any CPU
	EndGlobalSection
	GlobalSection(ProjectConfigurationPlatforms) = postSolution
		{04928E8F-78D1-4C30-BAC3-38700A363288}.Debug|Any CPU.ActiveCfg = Debug|Any CPU
		{04928E8F-78D1-4C30-BAC3-38700A363288}.Debug|Any CPU.Build.0 = Debug|Any CPU
		{04928E8F-78D1-4C30-BAC3-38700A363288}.Release|Any CPU.ActiveCfg = Release|Any CPU
		{04928E8F-78D1-4C30-BAC3-38700A363288}.Release|Any CPU.Build.0 = Release|Any CPU
	EndGlobalSection
	GlobalSection(SolutionProperties) = preSolution
		HideSolutionNode = FALSE
	EndGlobalSection
	GlobalSection(ExtensibilityGlobals) = postSolution
		SolutionGuid = {E7774F17-8E12-4E8B-9764-308CA18FC0D5}
	EndGlobalSection
EndGlobal
